
Microsoft Visual Studio Solution File, Format Version 12.00
# Visual Studio Version 16
VisualStudioVersion = 16.0.31729.503
MinimumVisualStudioVersion = 10.0.40219.1
Project("{9A19103F-16F7-4668-BE54-9A1E7A4F7556}") = "Project_two", "Project_two\Project_two.csproj", "{A835FBB1-5B80-4915-A1D5-37104113D6BB}"
EndProject
Global
	GlobalSection(SolutionConfigurationPlatforms) = preSolution
		Debug|Any CPU = Debug|Any CPU
		Release|Any CPU = Release|Any CPU
	EndGlobalSection
	GlobalSection(ProjectConfigurationPlatforms) = postSolution
		{A835FBB1-5B80-4915-A1D5-37104113D6BB}.Debug|Any CPU.ActiveCfg = Debug|Any CPU
		{A835FBB1-5B80-4915-A1D5-37104113D6BB}.Debug|Any CPU.Build.0 = Debug|Any CPU
		{A835FBB1-5B80-4915-A1D5-37104113D6BB}.Release|Any CPU.ActiveCfg = Release|Any CPU
		{A835FBB1-5B80-4915-A1D5-37104113D6BB}.Release|Any CPU.Build.0 = Release|Any CPU
	EndGlobalSection
	GlobalSection(SolutionProperties) = preSolution
		HideSolutionNode = FALSE
	EndGlobalSection
	GlobalSection(ExtensibilityGlobals) = postSolution
		SolutionGuid = {30F20BC3-B8F8-4626-A807-FF26ADC40512}
	EndGlobalSection
EndGlobal
